// !$*UTF8*$!
{
	archiveVersion = 1;
	classes = {
	};
	objectVersion = 46;
	objects = {

/* Begin PBXBuildFile section */
		3199D9491F3B5B1F00D5CEE2 /* AppDelegate.swift in Sources */ = {isa = PBXBuildFile; fileRef = 3199D9481F3B5B1F00D5CEE2 /* AppDelegate.swift */; };
		3199D94B1F3B5B1F00D5CEE2 /* ViewController.swift in Sources */ = {isa = PBXBuildFile; fileRef = 3199D94A1F3B5B1F00D5CEE2 /* ViewController.swift */; };
		3199D94E1F3B5B1F00D5CEE2 /* Main.storyboard in Resources */ = {isa = PBXBuildFile; fileRef = 3199D94C1F3B5B1F00D5CEE2 /* Main.storyboard */; };
		3199D9501F3B5B1F00D5CEE2 /* Assets.xcassets in Resources */ = {isa = PBXBuildFile; fileRef = 3199D94F1F3B5B1F00D5CEE2 /* Assets.xcassets */; };
		3199D9531F3B5B1F00D5CEE2 /* LaunchScreen.storyboard in Resources */ = {isa = PBXBuildFile; fileRef = 3199D9511F3B5B1F00D5CEE2 /* LaunchScreen.storyboard */; };
		3199D95E1F3B5B1F00D5CEE2 /* UIRotationTests.swift in Sources */ = {isa = PBXBuildFile; fileRef = 3199D95D1F3B5B1F00D5CEE2 /* UIRotationTests.swift */; };
/* End PBXBuildFile section */

/* Begin PBXContainerItemProxy section */
		3199D95A1F3B5B1F00D5CEE2 /* PBXContainerItemProxy */ = {
			isa = PBXContainerItemProxy;
			containerPortal = 3199D93D1F3B5B1F00D5CEE2 /* Project object */;
			proxyType = 1;
			remoteGlobalIDString = 3199D9441F3B5B1F00D5CEE2;
			remoteInfo = UIRotation;
		};
/* End PBXContainerItemProxy section */

/* Begin PBXFileReference section */
		3199D9451F3B5B1F00D5CEE2 /* UIRotation.app */ = {isa = PBXFileReference; explicitFileType = wrapper.application; includeInIndex = 0; path = UIRotation.app; sourceTree = BUILT_PRODUCTS_DIR; };
		3199D9481F3B5B1F00D5CEE2 /* AppDelegate.swift */ = {isa = PBXFileReference; lastKnownFileType = sourcecode.swift; path = AppDelegate.swift; sourceTree = "<group>"; };
		3199D94A1F3B5B1F00D5CEE2 /* ViewController.swift */ = {isa = PBXFileReference; lastKnownFileType = sourcecode.swift; path = ViewController.swift; sourceTree = "<group>"; };
		3199D94D1F3B5B1F00D5CEE2 /* Base */ = {isa = PBXFileReference; lastKnownFileType = file.storyboard; name = Base; path = Base.lproj/Main.storyboard; sourceTree = "<group>"; };
		3199D94F1F3B5B1F00D5CEE2 /* Assets.xcassets */ = {isa = PBXFileReference; lastKnownFileType = folder.assetcatalog; path = Assets.xcassets; sourceTree = "<group>"; };
		3199D9521F3B5B1F00D5CEE2 /* Base */ = {isa = PBXFileReference; lastKnownFileType = file.storyboard; name = Base; path = Base.lproj/LaunchScreen.storyboard; sourceTree = "<group>"; };
		3199D9541F3B5B1F00D5CEE2 /* Info.plist */ = {isa = PBXFileReference; lastKnownFileType = text.plist.xml; path = Info.plist; sourceTree = "<group>"; };
		3199D9591F3B5B1F00D5CEE2 /* UIRotationTests.xctest */ = {isa = PBXFileReference; explicitFileType = wrapper.cfbundle; includeInIndex = 0; path = UIRotationTests.xctest; sourceTree = BUILT_PRODUCTS_DIR; };
		3199D95D1F3B5B1F00D5CEE2 /* UIRotationTests.swift */ = {isa = PBXFileReference; lastKnownFileType = sourcecode.swift; path = UIRotationTests.swift; sourceTree = "<group>"; };
		3199D95F1F3B5B1F00D5CEE2 /* Info.plist */ = {isa = PBXFileReference; lastKnownFileType = text.plist.xml; path = Info.plist; sourceTree = "<group>"; };
/* End PBXFileReference section */

/* Begin PBXFrameworksBuildPhase section */
		3199D9421F3B5B1F00D5CEE2 /* Frameworks */ = {
			isa = PBXFrameworksBuildPhase;
			buildActionMask = 2147483647;
			files = (
			);
			runOnlyForDeploymentPostprocessing = 0;
		};
		3199D9561F3B5B1F00D5CEE2 /* Frameworks */ = {
			isa = PBXFrameworksBuildPhase;
			buildActionMask = 2147483647;
			files = (
			);
			runOnlyForDeploymentPostprocessing = 0;
		};
/* End PBXFrameworksBuildPhase section */

/* Begin PBXGroup section */
		3199D93C1F3B5B1F00D5CEE2 = {
			isa = PBXGroup;
			children = (
				3199D9471F3B5B1F00D5CEE2 /* UIRotation */,
				3199D95C1F3B5B1F00D5CEE2 /* UIRotationTests */,
				3199D9461F3B5B1F00D5CEE2 /* Products */,
			);
			sourceTree = "<group>";
		};
		3199D9461F3B5B1F00D5CEE2 /* Products */ = {
			isa = PBXGroup;
			children = (
				3199D9451F3B5B1F00D5CEE2 /* UIRotation.app */,
				3199D9591F3B5B1F00D5CEE2 /* UIRotationTests.xctest */,
			);
			name = Products;
			sourceTree = "<group>";
		};
		3199D9471F3B5B1F00D5CEE2 /* UIRotation */ = {
			isa = PBXGroup;
			children = (
				3199D9481F3B5B1F00D5CEE2 /* AppDelegate.swift */,
				3199D94A1F3B5B1F00D5CEE2 /* ViewController.swift */,
				3199D94C1F3B5B1F00D5CEE2 /* Main.storyboard */,
				3199D94F1F3B5B1F00D5CEE2 /* Assets.xcassets */,
				3199D9511F3B5B1F00D5CEE2 /* LaunchScreen.storyboard */,
				3199D9541F3B5B1F00D5CEE2 /* Info.plist */,
			);
			path = UIRotation;
			sourceTree = "<group>";
		};
		3199D95C1F3B5B1F00D5CEE2 /* UIRotationTests */ = {
			isa = PBXGroup;
			children = (
				3199D95D1F3B5B1F00D5CEE2 /* UIRotationTests.swift */,
				3199D95F1F3B5B1F00D5CEE2 /* Info.plist */,
			);
			path = UIRotationTests;
			sourceTree = "<group>";
		};
/* End PBXGroup section */

/* Begin PBXNativeTarget section */
		3199D9441F3B5B1F00D5CEE2 /* UIRotation */ = {
			isa = PBXNativeTarget;
			buildConfigurationList = 3199D9621F3B5B1F00D5CEE2 /* Build configuration list for PBXNativeTarget "UIRotation" */;
			buildPhases = (
				3199D9411F3B5B1F00D5CEE2 /* Sources */,
				3199D9421F3B5B1F00D5CEE2 /* Frameworks */,
				3199D9431F3B5B1F00D5CEE2 /* Resources */,
			);
			buildRules = (
			);
			dependencies = (
			);
			name = UIRotation;
			productName = UIRotation;
			productReference = 3199D9451F3B5B1F00D5CEE2 /* UIRotation.app */;
			productType = "com.apple.product-type.application";
		};
		3199D9581F3B5B1F00D5CEE2 /* UIRotationTests */ = {
			isa = PBXNativeTarget;
			buildConfigurationList = 3199D9651F3B5B1F00D5CEE2 /* Build configuration list for PBXNativeTarget "UIRotationTests" */;
			buildPhases = (
				3199D9551F3B5B1F00D5CEE2 /* Sources */,
				3199D9561F3B5B1F00D5CEE2 /* Frameworks */,
				3199D9571F3B5B1F00D5CEE2 /* Resources */,
			);
			buildRules = (
			);
			dependencies = (
				3199D95B1F3B5B1F00D5CEE2 /* PBXTargetDependency */,
			);
			name = UIRotationTests;
			productName = UIRotationTests;
			productReference = 3199D9591F3B5B1F00D5CEE2 /* UIRotationTests.xctest */;
			productType = "com.apple.product-type.bundle.unit-test";
		};
/* End PBXNativeTarget section */

/* Begin PBXProject section */
		3199D93D1F3B5B1F00D5CEE2 /* Project object */ = {
			isa = PBXProject;
			attributes = {
				LastSwiftUpdateCheck = 0830;
				LastUpgradeCheck = 0830;
				ORGANIZATIONNAME = SzurmaDavid;
				TargetAttributes = {
					3199D9441F3B5B1F00D5CEE2 = {
						CreatedOnToolsVersion = 8.3.3;
						DevelopmentTeam = YUJ7UC2TQS;
						ProvisioningStyle = Automatic;
					};
					3199D9581F3B5B1F00D5CEE2 = {
						CreatedOnToolsVersion = 8.3.3;
						DevelopmentTeam = YUJ7UC2TQS;
						ProvisioningStyle = Automatic;
						TestTargetID = 3199D9441F3B5B1F00D5CEE2;
					};
				};
			};
			buildConfigurationList = 3199D9401F3B5B1F00D5CEE2 /* Build configuration list for PBXProject "UIRotation" */;
			compatibilityVersion = "Xcode 3.2";
			developmentRegion = English;
			hasScannedForEncodings = 0;
			knownRegions = (
				en,
				Base,
			);
			mainGroup = 3199D93C1F3B5B1F00D5CEE2;
			productRefGroup = 3199D9461F3B5B1F00D5CEE2 /* Products */;
			projectDirPath = "";
			projectRoot = "";
			targets = (
				3199D9441F3B5B1F00D5CEE2 /* UIRotation */,
				3199D9581F3B5B1F00D5CEE2 /* UIRotationTests */,
			);
		};
/* End PBXProject section */

/* Begin PBXResourcesBuildPhase section */
		3199D9431F3B5B1F00D5CEE2 /* Resources */ = {
			isa = PBXResourcesBuildPhase;
			buildActionMask = 2147483647;
			files = (
				3199D9531F3B5B1F00D5CEE2 /* LaunchScreen.storyboard in Resources */,
				3199D9501F3B5B1F00D5CEE2 /* Assets.xcassets in Resources */,
				3199D94E1F3B5B1F00D5CEE2 /* Main.storyboard in Resources */,
			);
			runOnlyForDeploymentPostprocessing = 0;
		};
		3199D9571F3B5B1F00D5CEE2 /* Resources */ = {
			isa = PBXResourcesBuildPhase;
			buildActionMask = 2147483647;
			files = (
			);
			runOnlyForDeploymentPostprocessing = 0;
		};
/* End PBXResourcesBuildPhase section */

/* Begin PBXSourcesBuildPhase section */
		3199D9411F3B5B1F00D5CEE2 /* Sources */ = {
			isa = PBXSourcesBuildPhase;
			buildActionMask = 2147483647;
			files = (
				3199D94B1F3B5B1F00D5CEE2 /* ViewController.swift in Sources */,
				3199D9491F3B5B1F00D5CEE2 /* AppDelegate.swift in Sources */,
			);
			runOnlyForDeploymentPostprocessing = 0;
		};
		3199D9551F3B5B1F00D5CEE2 /* Sources */ = {
			isa = PBXSourcesBuildPhase;
			buildActionMask = 2147483647;
			files = (
				3199D95E1F3B5B1F00D5CEE2 /* UIRotationTests.swift in Sources */,
			);
			runOnlyForDeploymentPostprocessing = 0;
		};
/* End PBXSourcesBuildPhase section */

/* Begin PBXTargetDependency section */
		3199D95B1F3B5B1F00D5CEE2 /* PBXTargetDependency */ = {
			isa = PBXTargetDependency;
			target = 3199D9441F3B5B1F00D5CEE2 /* UIRotation */;
			targetProxy = 3199D95A1F3B5B1F00D5CEE2 /* PBXContainerItemProxy */;
		};
/* End PBXTargetDependency section */

/* Begin PBXVariantGroup section */
		3199D94C1F3B5B1F00D5CEE2 /* Main.storyboard */ = {
			isa = PBXVariantGroup;
			children = (
				3199D94D1F3B5B1F00D5CEE2 /* Base */,
			);
			name = Main.storyboard;
			sourceTree = "<group>";
		};
		3199D9511F3B5B1F00D5CEE2 /* LaunchScreen.storyboard */ = {
			isa = PBXVariantGroup;
			children = (
				3199D9521F3B5B1F00D5CEE2 /* Base */,
			);
			name = LaunchScreen.storyboard;
			sourceTree = "<group>";
		};
/* End PBXVariantGroup section */

/* Begin XCBuildConfiguration section */
		3199D9601F3B5B1F00D5CEE2 /* Debug */ = {
			isa = XCBuildConfiguration;
			buildSettings = {
				ALWAYS_SEARCH_USER_PATHS = NO;
				CLANG_ANALYZER_NONNULL = YES;
				CLANG_ANALYZER_NUMBER_OBJECT_CONVERSION = YES_AGGRESSIVE;
				CLANG_CXX_LANGUAGE_STANDARD = "gnu++0x";
				CLANG_CXX_LIBRARY = "libc++";
				CLANG_ENABLE_MODULES = YES;
				CLANG_ENABLE_OBJC_ARC = YES;
				CLANG_WARN_BOOL_CONVERSION = YES;
				CLANG_WARN_CONSTANT_CONVERSION = YES;
				CLANG_WARN_DIRECT_OBJC_ISA_USAGE = YES_ERROR;
				CLANG_WARN_DOCUMENTATION_COMMENTS = YES;
				CLANG_WARN_EMPTY_BODY = YES;
				CLANG_WARN_ENUM_CONVERSION = YES;
				CLANG_WARN_INFINITE_RECURSION = YES;
				CLANG_WARN_INT_CONVERSION = YES;
				CLANG_WARN_OBJC_ROOT_CLASS = YES_ERROR;
				CLANG_WARN_SUSPICIOUS_MOVE = YES;
				CLANG_WARN_UNREACHABLE_CODE = YES;
				CLANG_WARN__DUPLICATE_METHOD_MATCH = YES;
				"CODE_SIGN_IDENTITY[sdk=iphoneos*]" = "iPhone Developer";
				COPY_PHASE_STRIP = NO;
				DEBUG_INFORMATION_FORMAT = dwarf;
				ENABLE_STRICT_OBJC_MSGSEND = YES;
				ENABLE_TESTABILITY = YES;
				GCC_C_LANGUAGE_STANDARD = gnu99;
				GCC_DYNAMIC_NO_PIC = NO;
				GCC_NO_COMMON_BLOCKS = YES;
				GCC_OPTIMIZATION_LEVEL = 0;
				GCC_PREPROCESSOR_DEFINITIONS = (
					"DEBUG=1",
					"$(inherited)",
				);
				GCC_WARN_64_TO_32_BIT_CONVERSION = YES;
				GCC_WARN_ABOUT_RETURN_TYPE = YES_ERROR;
				GCC_WARN_UNDECLARED_SELECTOR = YES;
				GCC_WARN_UNINITIALIZED_AUTOS = YES_AGGRESSIVE;
				GCC_WARN_UNUSED_FUNCTION = YES;
				GCC_WARN_UNUSED_VARIABLE = YES;
				IPHONEOS_DEPLOYMENT_TARGET = 10.3;
				MTL_ENABLE_DEBUG_INFO = YES;
				ONLY_ACTIVE_ARCH = YES;
				SDKROOT = iphoneos;
				SWIFT_ACTIVE_COMPILATION_CONDITIONS = DEBUG;
				SWIFT_OPTIMIZATION_LEVEL = "-Onone";
			};
			name = Debug;
		};
		3199D9611F3B5B1F00D5CEE2 /* Release */ = {
			isa = XCBuildConfiguration;
			buildSettings = {
				ALWAYS_SEARCH_USER_PATHS = NO;
				CLANG_ANALYZER_NONNULL = YES;
				CLANG_ANALYZER_NUMBER_OBJECT_CONVERSION = YES_AGGRESSIVE;
				CLANG_CXX_LANGUAGE_STANDARD = "gnu++0x";
				CLANG_CXX_LIBRARY = "libc++";
				CLANG_ENABLE_MODULES = YES;
				CLANG_ENABLE_OBJC_ARC = YES;
				CLANG_WARN_BOOL_CONVERSION = YES;
				CLANG_WARN_CONSTANT_CONVERSION = YES;
				CLANG_WARN_DIRECT_OBJC_ISA_USAGE = YES_ERROR;
				CLANG_WARN_DOCUMENTATION_COMMENTS = YES;
				CLANG_WARN_EMPTY_BODY = YES;
				CLANG_WARN_ENUM_CONVERSION = YES;
				CLANG_WARN_INFINITE_RECURSION = YES;
				CLANG_WARN_INT_CONVERSION = YES;
				CLANG_WARN_OBJC_ROOT_CLASS = YES_ERROR;
				CLANG_WARN_SUSPICIOUS_MOVE = YES;
				CLANG_WARN_UNREACHABLE_CODE = YES;
				CLANG_WARN__DUPLICATE_METHOD_MATCH = YES;
				"CODE_SIGN_IDENTITY[sdk=iphoneos*]" = "iPhone Developer";
				COPY_PHASE_STRIP = NO;
				DEBUG_INFORMATION_FORMAT = "dwarf-with-dsym";
				ENABLE_NS_ASSERTIONS = NO;
				ENABLE_STRICT_OBJC_MSGSEND = YES;
				GCC_C_LANGUAGE_STANDARD = gnu99;
				GCC_NO_COMMON_BLOCKS = YES;
				GCC_WARN_64_TO_32_BIT_CONVERSION = YES;
				GCC_WARN_ABOUT_RETURN_TYPE = YES_ERROR;
				GCC_WARN_UNDECLARED_SELECTOR = YES;
				GCC_WARN_UNINITIALIZED_AUTOS = YES_AGGRESSIVE;
				GCC_WARN_UNUSED_FUNCTION = YES;
				GCC_WARN_UNUSED_VARIABLE = YES;
				IPHONEOS_DEPLOYMENT_TARGET = 10.3;
				MTL_ENABLE_DEBUG_INFO = NO;
				SDKROOT = iphoneos;
				SWIFT_OPTIMIZATION_LEVEL = "-Owholemodule";
				VALIDATE_PRODUCT = YES;
			};
			name = Release;
		};
		3199D9631F3B5B1F00D5CEE2 /* Debug */ = {
			isa = XCBuildConfiguration;
			buildSettings = {
				ASSETCATALOG_COMPILER_APPICON_NAME = AppIcon;
				DEVELOPMENT_TEAM = YUJ7UC2TQS;
				INFOPLIST_FILE = UIRotation/Info.plist;
				LD_RUNPATH_SEARCH_PATHS = "$(inherited) @executable_path/Frameworks";
				PRODUCT_BUNDLE_IDENTIFIER = com.UIRotation;
				PRODUCT_NAME = "$(TARGET_NAME)";
				SWIFT_VERSION = 3.0;
			};
			name = Debug;
		};
		3199D9641F3B5B1F00D5CEE2 /* Release */ = {
			isa = XCBuildConfiguration;
			buildSettings = {
				ASSETCATALOG_COMPILER_APPICON_NAME = AppIcon;
				DEVELOPMENT_TEAM = YUJ7UC2TQS;
				INFOPLIST_FILE = UIRotation/Info.plist;
				LD_RUNPATH_SEARCH_PATHS = "$(inherited) @executable_path/Frameworks";
				PRODUCT_BUNDLE_IDENTIFIER = com.UIRotation;
				PRODUCT_NAME = "$(TARGET_NAME)";
				SWIFT_VERSION = 3.0;
			};
			name = Release;
		};
		3199D9661F3B5B1F00D5CEE2 /* Debug */ = {
			isa = XCBuildConfiguration;
			buildSettings = {
				ALWAYS_EMBED_SWIFT_STANDARD_LIBRARIES = YES;
				BUNDLE_LOADER = "$(TEST_HOST)";
				DEVELOPMENT_TEAM = YUJ7UC2TQS;
				INFOPLIST_FILE = UIRotationTests/Info.plist;
				LD_RUNPATH_SEARCH_PATHS = "$(inherited) @executable_path/Frameworks @loader_path/Frameworks";
				PRODUCT_BUNDLE_IDENTIFIER = com.UIRotationTests;
				PRODUCT_NAME = "$(TARGET_NAME)";
				SWIFT_VERSION = 3.0;
				TEST_HOST = "$(BUILT_PRODUCTS_DIR)/UIRotation.app/UIRotation";
			};
			name = Debug;
		};
		3199D9671F3B5B1F00D5CEE2 /* Release */ = {
			isa = XCBuildConfiguration;
			buildSettings = {
				ALWAYS_EMBED_SWIFT_STANDARD_LIBRARIES = YES;
				BUNDLE_LOADER = "$(TEST_HOST)";
				DEVELOPMENT_TEAM = YUJ7UC2TQS;
				INFOPLIST_FILE = UIRotationTests/Info.plist;
				LD_RUNPATH_SEARCH_PATHS = "$(inherited) @executable_path/Frameworks @loader_path/Frameworks";
				PRODUCT_BUNDLE_IDENTIFIER = com.UIRotationTests;
				PRODUCT_NAME = "$(TARGET_NAME)";
				SWIFT_VERSION = 3.0;
				TEST_HOST = "$(BUILT_PRODUCTS_DIR)/UIRotation.app/UIRotation";
			};
			name = Release;
		};
/* End XCBuildConfiguration section */

/* Begin XCConfigurationList section */
		3199D9401F3B5B1F00D5CEE2 /* Build configuration list for PBXProject "UIRotation" */ = {
			isa = XCConfigurationList;
			buildConfigurations = (
				3199D9601F3B5B1F00D5CEE2 /* Debug */,
				3199D9611F3B5B1F00D5CEE2 /* Release */,
			);
			defaultConfigurationIsVisible = 0;
			defaultConfigurationName = Release;
		};
		3199D9621F3B5B1F00D5CEE2 /* Build configuration list for PBXNativeTarget "UIRotation" */ = {
			isa = XCConfigurationList;
			buildConfigurations = (
				3199D9631F3B5B1F00D5CEE2 /* Debug */,
				3199D9641F3B5B1F00D5CEE2 /* Release */,
			);
			defaultConfigurationIsVisible = 0;
		};
		3199D9651F3B5B1F00D5CEE2 /* Build configuration list for PBXNativeTarget "UIRotationTests" */ = {
			isa = XCConfigurationList;
			buildConfigurations = (
				3199D9661F3B5B1F00D5CEE2 /* Debug */,
				3199D9671F3B5B1F00D5CEE2 /* Release */,
			);
			defaultConfigurationIsVisible = 0;
		};
/* End XCConfigurationList section */
	};
	rootObject = 3199D93D1F3B5B1F00D5CEE2 /* Project object */;
}
